
Microsoft Visual Studio Solution File, Format Version 12.00
# Visual Studio Version 17
VisualStudioVersion = 17.11.35303.130
MinimumVisualStudioVersion = 10.0.40219.1
Project("{8BC9CEB8-8B4A-11D0-8D11-00A0C91BC942}") = "dfsbfs", "dfsbfs\dfsbfs.vcxproj", "{B62151B1-3999-4B52-B9AA-32A68AB4A262}"
EndProject
Global
	GlobalSection(SolutionConfigurationPlatforms) = preSolution
		Debug|x64 = Debug|x64
		Debug|x86 = Debug|x86
		Release|x64 = Release|x64
		Release|x86 = Release|x86
	EndGlobalSection
	GlobalSection(ProjectConfigurationPlatforms) = postSolution
		{B62151B1-3999-4B52-B9AA-32A68AB4A262}.Debug|x64.ActiveCfg = Debug|x64
		{B62151B1-3999-4B52-B9AA-32A68AB4A262}.Debug|x64.Build.0 = Debug|x64
		{B62151B1-3999-4B52-B9AA-32A68AB4A262}.Debug|x86.ActiveCfg = Debug|Win32
		{B62151B1-3999-4B52-B9AA-32A68AB4A262}.Debug|x86.Build.0 = Debug|Win32
		{B62151B1-3999-4B52-B9AA-32A68AB4A262}.Release|x64.ActiveCfg = Release|x64
		{B62151B1-3999-4B52-B9AA-32A68AB4A262}.Release|x64.Build.0 = Release|x64
		{B62151B1-3999-4B52-B9AA-32A68AB4A262}.Release|x86.ActiveCfg = Release|Win32
		{B62151B1-3999-4B52-B9AA-32A68AB4A262}.Release|x86.Build.0 = Release|Win32
	EndGlobalSection
	GlobalSection(SolutionProperties) = preSolution
		HideSolutionNode = FALSE
	EndGlobalSection
	GlobalSection(ExtensibilityGlobals) = postSolution
		SolutionGuid = {C32DC26B-2823-44FB-AFB9-63AA21666B8D}
	EndGlobalSection
EndGlobal
